
Microsoft Visual Studio Solution File, Format Version 12.00
# Visual Studio Version 17
VisualStudioVersion = 17.13.35931.197 d17.13
MinimumVisualStudioVersion = 10.0.40219.1
Project("{FAE04EC0-301F-11D3-BF4B-00C04F79EFBC}") = "Semana13", "Semana13\Semana13.csproj", "{9A569912-BDDA-42B4-9946-69116EF94510}"
EndProject
Global
	GlobalSection(SolutionConfigurationPlatforms) = preSolution
		Debug|Any CPU = Debug|Any CPU
		Release|Any CPU = Release|Any CPU
	EndGlobalSection
	GlobalSection(ProjectConfigurationPlatforms) = postSolution
		{9A569912-BDDA-42B4-9946-69116EF94510}.Debug|Any CPU.ActiveCfg = Debug|Any CPU
		{9A569912-BDDA-42B4-9946-69116EF94510}.Debug|Any CPU.Build.0 = Debug|Any CPU
		{9A569912-BDDA-42B4-9946-69116EF94510}.Release|Any CPU.ActiveCfg = Release|Any CPU
		{9A569912-BDDA-42B4-9946-69116EF94510}.Release|Any CPU.Build.0 = Release|Any CPU
	EndGlobalSection
	GlobalSection(SolutionProperties) = preSolution
		HideSolutionNode = FALSE
	EndGlobalSection
	GlobalSection(ExtensibilityGlobals) = postSolution
		SolutionGuid = {545E0B55-1E78-41C1-8C6A-107E675D4046}
	EndGlobalSection
EndGlobal
